// !$*UTF8*$!
{
	archiveVersion = 1;
	classes = {
	};
	objectVersion = 50;
	objects = {

/* Begin PBXBuildFile section */
		D55C065C223FECE000AE89D4 /* AppDelegate.swift in Sources */ = {isa = PBXBuildFile; fileRef = D55C065B223FECE000AE89D4 /* AppDelegate.swift */; };
		D55C065E223FECE000AE89D4 /* ViewController.swift in Sources */ = {isa = PBXBuildFile; fileRef = D55C065D223FECE000AE89D4 /* ViewController.swift */; };
		D55C0661223FECE000AE89D4 /* Main.storyboard in Resources */ = {isa = PBXBuildFile; fileRef = D55C065F223FECE000AE89D4 /* Main.storyboard */; };
		D55C0664223FECE000AE89D4 /* ColorPicker.xcdatamodeld in Sources */ = {isa = PBXBuildFile; fileRef = D55C0662223FECE000AE89D4 /* ColorPicker.xcdatamodeld */; };
		D55C0666223FECE200AE89D4 /* Assets.xcassets in Resources */ = {isa = PBXBuildFile; fileRef = D55C0665223FECE200AE89D4 /* Assets.xcassets */; };
		D55C0669223FECE200AE89D4 /* LaunchScreen.storyboard in Resources */ = {isa = PBXBuildFile; fileRef = D55C0667223FECE200AE89D4 /* LaunchScreen.storyboard */; };
		D55C0674223FECE200AE89D4 /* ColorPickerUITests.swift in Sources */ = {isa = PBXBuildFile; fileRef = D55C0673223FECE200AE89D4 /* ColorPickerUITests.swift */; };
/* End PBXBuildFile section */

/* Begin PBXContainerItemProxy section */
		D55C0670223FECE200AE89D4 /* PBXContainerItemProxy */ = {
			isa = PBXContainerItemProxy;
			containerPortal = D55C0650223FECE000AE89D4 /* Project object */;
			proxyType = 1;
			remoteGlobalIDString = D55C0657223FECE000AE89D4;
			remoteInfo = ColorPicker;
		};
/* End PBXContainerItemProxy section */

/* Begin PBXFileReference section */
		D55C0658223FECE000AE89D4 /* ColorPicker.app */ = {isa = PBXFileReference; explicitFileType = wrapper.application; includeInIndex = 0; path = ColorPicker.app; sourceTree = BUILT_PRODUCTS_DIR; };
		D55C065B223FECE000AE89D4 /* AppDelegate.swift */ = {isa = PBXFileReference; lastKnownFileType = sourcecode.swift; path = AppDelegate.swift; sourceTree = "<group>"; };
		D55C065D223FECE000AE89D4 /* ViewController.swift */ = {isa = PBXFileReference; lastKnownFileType = sourcecode.swift; path = ViewController.swift; sourceTree = "<group>"; };
		D55C0660223FECE000AE89D4 /* Base */ = {isa = PBXFileReference; lastKnownFileType = file.storyboard; name = Base; path = Base.lproj/Main.storyboard; sourceTree = "<group>"; };
		D55C0663223FECE000AE89D4 /* ColorPicker.xcdatamodel */ = {isa = PBXFileReference; lastKnownFileType = wrapper.xcdatamodel; path = ColorPicker.xcdatamodel; sourceTree = "<group>"; };
		D55C0665223FECE200AE89D4 /* Assets.xcassets */ = {isa = PBXFileReference; lastKnownFileType = folder.assetcatalog; path = Assets.xcassets; sourceTree = "<group>"; };
		D55C0668223FECE200AE89D4 /* Base */ = {isa = PBXFileReference; lastKnownFileType = file.storyboard; name = Base; path = Base.lproj/LaunchScreen.storyboard; sourceTree = "<group>"; };
		D55C066A223FECE200AE89D4 /* Info.plist */ = {isa = PBXFileReference; lastKnownFileType = text.plist.xml; path = Info.plist; sourceTree = "<group>"; };
		D55C066F223FECE200AE89D4 /* ColorPickerUITests.xctest */ = {isa = PBXFileReference; explicitFileType = wrapper.cfbundle; includeInIndex = 0; path = ColorPickerUITests.xctest; sourceTree = BUILT_PRODUCTS_DIR; };
		D55C0673223FECE200AE89D4 /* ColorPickerUITests.swift */ = {isa = PBXFileReference; lastKnownFileType = sourcecode.swift; path = ColorPickerUITests.swift; sourceTree = "<group>"; };
		D55C0675223FECE200AE89D4 /* Info.plist */ = {isa = PBXFileReference; lastKnownFileType = text.plist.xml; path = Info.plist; sourceTree = "<group>"; };
/* End PBXFileReference section */

/* Begin PBXFrameworksBuildPhase section */
		D55C0655223FECE000AE89D4 /* Frameworks */ = {
			isa = PBXFrameworksBuildPhase;
			buildActionMask = 2147483647;
			files = (
			);
			runOnlyForDeploymentPostprocessing = 0;
		};
		D55C066C223FECE200AE89D4 /* Frameworks */ = {
			isa = PBXFrameworksBuildPhase;
			buildActionMask = 2147483647;
			files = (
			);
			runOnlyForDeploymentPostprocessing = 0;
		};
/* End PBXFrameworksBuildPhase section */

/* Begin PBXGroup section */
		D55C064F223FECE000AE89D4 = {
			isa = PBXGroup;
			children = (
				D55C065A223FECE000AE89D4 /* ColorPicker */,
				D55C0672223FECE200AE89D4 /* ColorPickerUITests */,
				D55C0659223FECE000AE89D4 /* Products */,
			);
			sourceTree = "<group>";
		};
		D55C0659223FECE000AE89D4 /* Products */ = {
			isa = PBXGroup;
			children = (
				D55C0658223FECE000AE89D4 /* ColorPicker.app */,
				D55C066F223FECE200AE89D4 /* ColorPickerUITests.xctest */,
			);
			name = Products;
			sourceTree = "<group>";
		};
		D55C065A223FECE000AE89D4 /* ColorPicker */ = {
			isa = PBXGroup;
			children = (
				D55C065B223FECE000AE89D4 /* AppDelegate.swift */,
				D55C065D223FECE000AE89D4 /* ViewController.swift */,
				D55C065F223FECE000AE89D4 /* Main.storyboard */,
				D55C0665223FECE200AE89D4 /* Assets.xcassets */,
				D55C0667223FECE200AE89D4 /* LaunchScreen.storyboard */,
				D55C066A223FECE200AE89D4 /* Info.plist */,
				D55C0662223FECE000AE89D4 /* ColorPicker.xcdatamodeld */,
			);
			path = ColorPicker;
			sourceTree = "<group>";
		};
		D55C0672223FECE200AE89D4 /* ColorPickerUITests */ = {
			isa = PBXGroup;
			children = (
				D55C0673223FECE200AE89D4 /* ColorPickerUITests.swift */,
				D55C0675223FECE200AE89D4 /* Info.plist */,
			);
			path = ColorPickerUITests;
			sourceTree = "<group>";
		};
/* End PBXGroup section */

/* Begin PBXNativeTarget section */
		D55C0657223FECE000AE89D4 /* ColorPicker */ = {
			isa = PBXNativeTarget;
			buildConfigurationList = D55C0678223FECE200AE89D4 /* Build configuration list for PBXNativeTarget "ColorPicker" */;
			buildPhases = (
				D55C0654223FECE000AE89D4 /* Sources */,
				D55C0655223FECE000AE89D4 /* Frameworks */,
				D55C0656223FECE000AE89D4 /* Resources */,
			);
			buildRules = (
			);
			dependencies = (
			);
			name = ColorPicker;
			productName = ColorPicker;
			productReference = D55C0658223FECE000AE89D4 /* ColorPicker.app */;
			productType = "com.apple.product-type.application";
		};
		D55C066E223FECE200AE89D4 /* ColorPickerUITests */ = {
			isa = PBXNativeTarget;
			buildConfigurationList = D55C067B223FECE200AE89D4 /* Build configuration list for PBXNativeTarget "ColorPickerUITests" */;
			buildPhases = (
				D55C066B223FECE200AE89D4 /* Sources */,
				D55C066C223FECE200AE89D4 /* Frameworks */,
				D55C066D223FECE200AE89D4 /* Resources */,
			);
			buildRules = (
			);
			dependencies = (
				D55C0671223FECE200AE89D4 /* PBXTargetDependency */,
			);
			name = ColorPickerUITests;
			productName = ColorPickerUITests;
			productReference = D55C066F223FECE200AE89D4 /* ColorPickerUITests.xctest */;
			productType = "com.apple.product-type.bundle.ui-testing";
		};
/* End PBXNativeTarget section */

/* Begin PBXProject section */
		D55C0650223FECE000AE89D4 /* Project object */ = {
			isa = PBXProject;
			attributes = {
				LastSwiftUpdateCheck = 1010;
				LastUpgradeCheck = 1010;
				ORGANIZATIONNAME = "Alex Davis";
				TargetAttributes = {
					D55C0657223FECE000AE89D4 = {
						CreatedOnToolsVersion = 10.1;
					};
					D55C066E223FECE200AE89D4 = {
						CreatedOnToolsVersion = 10.1;
						TestTargetID = D55C0657223FECE000AE89D4;
					};
				};
			};
			buildConfigurationList = D55C0653223FECE000AE89D4 /* Build configuration list for PBXProject "ColorPicker" */;
			compatibilityVersion = "Xcode 9.3";
			developmentRegion = en;
			hasScannedForEncodings = 0;
			knownRegions = (
				en,
				Base,
			);
			mainGroup = D55C064F223FECE000AE89D4;
			productRefGroup = D55C0659223FECE000AE89D4 /* Products */;
			projectDirPath = "";
			projectRoot = "";
			targets = (
				D55C0657223FECE000AE89D4 /* ColorPicker */,
				D55C066E223FECE200AE89D4 /* ColorPickerUITests */,
			);
		};
/* End PBXProject section */

/* Begin PBXResourcesBuildPhase section */
		D55C0656223FECE000AE89D4 /* Resources */ = {
			isa = PBXResourcesBuildPhase;
			buildActionMask = 2147483647;
			files = (
				D55C0669223FECE200AE89D4 /* LaunchScreen.storyboard in Resources */,
				D55C0666223FECE200AE89D4 /* Assets.xcassets in Resources */,
				D55C0661223FECE000AE89D4 /* Main.storyboard in Resources */,
			);
			runOnlyForDeploymentPostprocessing = 0;
		};
		D55C066D223FECE200AE89D4 /* Resources */ = {
			isa = PBXResourcesBuildPhase;
			buildActionMask = 2147483647;
			files = (
			);
			runOnlyForDeploymentPostprocessing = 0;
		};
/* End PBXResourcesBuildPhase section */

/* Begin PBXSourcesBuildPhase section */
		D55C0654223FECE000AE89D4 /* Sources */ = {
			isa = PBXSourcesBuildPhase;
			buildActionMask = 2147483647;
			files = (
				D55C065E223FECE000AE89D4 /* ViewController.swift in Sources */,
				D55C0664223FECE000AE89D4 /* ColorPicker.xcdatamodeld in Sources */,
				D55C065C223FECE000AE89D4 /* AppDelegate.swift in Sources */,
			);
			runOnlyForDeploymentPostprocessing = 0;
		};
		D55C066B223FECE200AE89D4 /* Sources */ = {
			isa = PBXSourcesBuildPhase;
			buildActionMask = 2147483647;
			files = (
				D55C0674223FECE200AE89D4 /* ColorPickerUITests.swift in Sources */,
			);
			runOnlyForDeploymentPostprocessing = 0;
		};
/* End PBXSourcesBuildPhase section */

/* Begin PBXTargetDependency section */
		D55C0671223FECE200AE89D4 /* PBXTargetDependency */ = {
			isa = PBXTargetDependency;
			target = D55C0657223FECE000AE89D4 /* ColorPicker */;
			targetProxy = D55C0670223FECE200AE89D4 /* PBXContainerItemProxy */;
		};
/* End PBXTargetDependency section */

/* Begin PBXVariantGroup section */
		D55C065F223FECE000AE89D4 /* Main.storyboard */ = {
			isa = PBXVariantGroup;
			children = (
				D55C0660223FECE000AE89D4 /* Base */,
			);
			name = Main.storyboard;
			sourceTree = "<group>";
		};
		D55C0667223FECE200AE89D4 /* LaunchScreen.storyboard */ = {
			isa = PBXVariantGroup;
			children = (
				D55C0668223FECE200AE89D4 /* Base */,
			);
			name = LaunchScreen.storyboard;
			sourceTree = "<group>";
		};
/* End PBXVariantGroup section */

/* Begin XCBuildConfiguration section */
		D55C0676223FECE200AE89D4 /* Debug */ = {
			isa = XCBuildConfiguration;
			buildSettings = {
				ALWAYS_SEARCH_USER_PATHS = NO;
				CLANG_ANALYZER_NONNULL = YES;
				CLANG_ANALYZER_NUMBER_OBJECT_CONVERSION = YES_AGGRESSIVE;
				CLANG_CXX_LANGUAGE_STANDARD = "gnu++14";
				CLANG_CXX_LIBRARY = "libc++";
				CLANG_ENABLE_MODULES = YES;
				CLANG_ENABLE_OBJC_ARC = YES;
				CLANG_ENABLE_OBJC_WEAK = YES;
				CLANG_WARN_BLOCK_CAPTURE_AUTORELEASING = YES;
				CLANG_WARN_BOOL_CONVERSION = YES;
				CLANG_WARN_COMMA = YES;
				CLANG_WARN_CONSTANT_CONVERSION = YES;
				CLANG_WARN_DEPRECATED_OBJC_IMPLEMENTATIONS = YES;
				CLANG_WARN_DIRECT_OBJC_ISA_USAGE = YES_ERROR;
				CLANG_WARN_DOCUMENTATION_COMMENTS = YES;
				CLANG_WARN_EMPTY_BODY = YES;
				CLANG_WARN_ENUM_CONVERSION = YES;
				CLANG_WARN_INFINITE_RECURSION = YES;
				CLANG_WARN_INT_CONVERSION = YES;
				CLANG_WARN_NON_LITERAL_NULL_CONVERSION = YES;
				CLANG_WARN_OBJC_IMPLICIT_RETAIN_SELF = YES;
				CLANG_WARN_OBJC_LITERAL_CONVERSION = YES;
				CLANG_WARN_OBJC_ROOT_CLASS = YES_ERROR;
				CLANG_WARN_RANGE_LOOP_ANALYSIS = YES;
				CLANG_WARN_STRICT_PROTOTYPES = YES;
				CLANG_WARN_SUSPICIOUS_MOVE = YES;
				CLANG_WARN_UNGUARDED_AVAILABILITY = YES_AGGRESSIVE;
				CLANG_WARN_UNREACHABLE_CODE = YES;
				CLANG_WARN__DUPLICATE_METHOD_MATCH = YES;
				CODE_SIGN_IDENTITY = "iPhone Developer";
				COPY_PHASE_STRIP = NO;
				DEBUG_INFORMATION_FORMAT = dwarf;
				ENABLE_STRICT_OBJC_MSGSEND = YES;
				ENABLE_TESTABILITY = YES;
				GCC_C_LANGUAGE_STANDARD = gnu11;
				GCC_DYNAMIC_NO_PIC = NO;
				GCC_NO_COMMON_BLOCKS = YES;
				GCC_OPTIMIZATION_LEVEL = 0;
				GCC_PREPROCESSOR_DEFINITIONS = (
					"DEBUG=1",
					"$(inherited)",
				);
				GCC_WARN_64_TO_32_BIT_CONVERSION = YES;
				GCC_WARN_ABOUT_RETURN_TYPE = YES_ERROR;
				GCC_WARN_UNDECLARED_SELECTOR = YES;
				GCC_WARN_UNINITIALIZED_AUTOS = YES_AGGRESSIVE;
				GCC_WARN_UNUSED_FUNCTION = YES;
				GCC_WARN_UNUSED_VARIABLE = YES;
				IPHONEOS_DEPLOYMENT_TARGET = 12.1;
				MTL_ENABLE_DEBUG_INFO = INCLUDE_SOURCE;
				MTL_FAST_MATH = YES;
				ONLY_ACTIVE_ARCH = YES;
				SDKROOT = iphoneos;
				SWIFT_ACTIVE_COMPILATION_CONDITIONS = DEBUG;
				SWIFT_OPTIMIZATION_LEVEL = "-Onone";
			};
			name = Debug;
		};
		D55C0677223FECE200AE89D4 /* Release */ = {
			isa = XCBuildConfiguration;
			buildSettings = {
				ALWAYS_SEARCH_USER_PATHS = NO;
				CLANG_ANALYZER_NONNULL = YES;
				CLANG_ANALYZER_NUMBER_OBJECT_CONVERSION = YES_AGGRESSIVE;
				CLANG_CXX_LANGUAGE_STANDARD = "gnu++14";
				CLANG_CXX_LIBRARY = "libc++";
				CLANG_ENABLE_MODULES = YES;
				CLANG_ENABLE_OBJC_ARC = YES;
				CLANG_ENABLE_OBJC_WEAK = YES;
				CLANG_WARN_BLOCK_CAPTURE_AUTORELEASING = YES;
				CLANG_WARN_BOOL_CONVERSION = YES;
				CLANG_WARN_COMMA = YES;
				CLANG_WARN_CONSTANT_CONVERSION = YES;
				CLANG_WARN_DEPRECATED_OBJC_IMPLEMENTATIONS = YES;
				CLANG_WARN_DIRECT_OBJC_ISA_USAGE = YES_ERROR;
				CLANG_WARN_DOCUMENTATION_COMMENTS = YES;
				CLANG_WARN_EMPTY_BODY = YES;
				CLANG_WARN_ENUM_CONVERSION = YES;
				CLANG_WARN_INFINITE_RECURSION = YES;
				CLANG_WARN_INT_CONVERSION = YES;
				CLANG_WARN_NON_LITERAL_NULL_CONVERSION = YES;
				CLANG_WARN_OBJC_IMPLICIT_RETAIN_SELF = YES;
				CLANG_WARN_OBJC_LITERAL_CONVERSION = YES;
				CLANG_WARN_OBJC_ROOT_CLASS = YES_ERROR;
				CLANG_WARN_RANGE_LOOP_ANALYSIS = YES;
				CLANG_WARN_STRICT_PROTOTYPES = YES;
				CLANG_WARN_SUSPICIOUS_MOVE = YES;
				CLANG_WARN_UNGUARDED_AVAILABILITY = YES_AGGRESSIVE;
				CLANG_WARN_UNREACHABLE_CODE = YES;
				CLANG_WARN__DUPLICATE_METHOD_MATCH = YES;
				CODE_SIGN_IDENTITY = "iPhone Developer";
				COPY_PHASE_STRIP = NO;
				DEBUG_INFORMATION_FORMAT = "dwarf-with-dsym";
				ENABLE_NS_ASSERTIONS = NO;
				ENABLE_STRICT_OBJC_MSGSEND = YES;
				GCC_C_LANGUAGE_STANDARD = gnu11;
				GCC_NO_COMMON_BLOCKS = YES;
				GCC_WARN_64_TO_32_BIT_CONVERSION = YES;
				GCC_WARN_ABOUT_RETURN_TYPE = YES_ERROR;
				GCC_WARN_UNDECLARED_SELECTOR = YES;
				GCC_WARN_UNINITIALIZED_AUTOS = YES_AGGRESSIVE;
				GCC_WARN_UNUSED_FUNCTION = YES;
				GCC_WARN_UNUSED_VARIABLE = YES;
				IPHONEOS_DEPLOYMENT_TARGET = 12.1;
				MTL_ENABLE_DEBUG_INFO = NO;
				MTL_FAST_MATH = YES;
				SDKROOT = iphoneos;
				SWIFT_COMPILATION_MODE = wholemodule;
				SWIFT_OPTIMIZATION_LEVEL = "-O";
				VALIDATE_PRODUCT = YES;
			};
			name = Release;
		};
		D55C0679223FECE200AE89D4 /* Debug */ = {
			isa = XCBuildConfiguration;
			buildSettings = {
				ASSETCATALOG_COMPILER_APPICON_NAME = AppIcon;
				CODE_SIGN_STYLE = Automatic;
				DEVELOPMENT_TEAM = Q2MYKKKZDK;
				INFOPLIST_FILE = ColorPicker/Info.plist;
				LD_RUNPATH_SEARCH_PATHS = (
					"$(inherited)",
					"@executable_path/Frameworks",
				);
				PRODUCT_BUNDLE_IDENTIFIER = edu.missouri.ColorPicker;
				PRODUCT_NAME = "$(TARGET_NAME)";
				SWIFT_VERSION = 4.2;
				TARGETED_DEVICE_FAMILY = "1,2";
			};
			name = Debug;
		};
		D55C067A223FECE200AE89D4 /* Release */ = {
			isa = XCBuildConfiguration;
			buildSettings = {
				ASSETCATALOG_COMPILER_APPICON_NAME = AppIcon;
				CODE_SIGN_STYLE = Automatic;
				DEVELOPMENT_TEAM = Q2MYKKKZDK;
				INFOPLIST_FILE = ColorPicker/Info.plist;
				LD_RUNPATH_SEARCH_PATHS = (
					"$(inherited)",
					"@executable_path/Frameworks",
				);
				PRODUCT_BUNDLE_IDENTIFIER = edu.missouri.ColorPicker;
				PRODUCT_NAME = "$(TARGET_NAME)";
				SWIFT_VERSION = 4.2;
				TARGETED_DEVICE_FAMILY = "1,2";
			};
			name = Release;
		};
		D55C067C223FECE200AE89D4 /* Debug */ = {
			isa = XCBuildConfiguration;
			buildSettings = {
				ALWAYS_EMBED_SWIFT_STANDARD_LIBRARIES = YES;
				CODE_SIGN_STYLE = Automatic;
				DEVELOPMENT_TEAM = Q2MYKKKZDK;
				INFOPLIST_FILE = ColorPickerUITests/Info.plist;
				LD_RUNPATH_SEARCH_PATHS = (
					"$(inherited)",
					"@executable_path/Frameworks",
					"@loader_path/Frameworks",
				);
				PRODUCT_BUNDLE_IDENTIFIER = edu.missouri.ColorPickerUITests;
				PRODUCT_NAME = "$(TARGET_NAME)";
				SWIFT_VERSION = 4.2;
				TARGETED_DEVICE_FAMILY = "1,2";
				TEST_TARGET_NAME = ColorPicker;
			};
			name = Debug;
		};
		D55C067D223FECE200AE89D4 /* Release */ = {
			isa = XCBuildConfiguration;
			buildSettings = {
				ALWAYS_EMBED_SWIFT_STANDARD_LIBRARIES = YES;
				CODE_SIGN_STYLE = Automatic;
				DEVELOPMENT_TEAM = Q2MYKKKZDK;
				INFOPLIST_FILE = ColorPickerUITests/Info.plist;
				LD_RUNPATH_SEARCH_PATHS = (
					"$(inherited)",
					"@executable_path/Frameworks",
					"@loader_path/Frameworks",
				);
				PRODUCT_BUNDLE_IDENTIFIER = edu.missouri.ColorPickerUITests;
				PRODUCT_NAME = "$(TARGET_NAME)";
				SWIFT_VERSION = 4.2;
				TARGETED_DEVICE_FAMILY = "1,2";
				TEST_TARGET_NAME = ColorPicker;
			};
			name = Release;
		};
/* End XCBuildConfiguration section */

/* Begin XCConfigurationList section */
		D55C0653223FECE000AE89D4 /* Build configuration list for PBXProject "ColorPicker" */ = {
			isa = XCConfigurationList;
			buildConfigurations = (
				D55C0676223FECE200AE89D4 /* Debug */,
				D55C0677223FECE200AE89D4 /* Release */,
			);
			defaultConfigurationIsVisible = 0;
			defaultConfigurationName = Release;
		};
		D55C0678223FECE200AE89D4 /* Build configuration list for PBXNativeTarget "ColorPicker" */ = {
			isa = XCConfigurationList;
			buildConfigurations = (
				D55C0679223FECE200AE89D4 /* Debug */,
				D55C067A223FECE200AE89D4 /* Release */,
			);
			defaultConfigurationIsVisible = 0;
			defaultConfigurationName = Release;
		};
		D55C067B223FECE200AE89D4 /* Build configuration list for PBXNativeTarget "ColorPickerUITests" */ = {
			isa = XCConfigurationList;
			buildConfigurations = (
				D55C067C223FECE200AE89D4 /* Debug */,
				D55C067D223FECE200AE89D4 /* Release */,
			);
			defaultConfigurationIsVisible = 0;
			defaultConfigurationName = Release;
		};
/* End XCConfigurationList section */

/* Begin XCVersionGroup section */
		D55C0662223FECE000AE89D4 /* ColorPicker.xcdatamodeld */ = {
			isa = XCVersionGroup;
			children = (
				D55C0663223FECE000AE89D4 /* ColorPicker.xcdatamodel */,
			);
			currentVersion = D55C0663223FECE000AE89D4 /* ColorPicker.xcdatamodel */;
			path = ColorPicker.xcdatamodeld;
			sourceTree = "<group>";
			versionGroupType = wrapper.xcdatamodel;
		};
/* End XCVersionGroup section */
	};
	rootObject = D55C0650223FECE000AE89D4 /* Project object */;
}
